
Microsoft Visual Studio Solution File, Format Version 12.00
# Visual Studio Version 17
VisualStudioVersion = 17.12.35521.163
MinimumVisualStudioVersion = 10.0.40219.1
Project("{FAE04EC0-301F-11D3-BF4B-00C04F79EFBC}") = "Year2023", "Year2023\Year2023.csproj", "{8AC29A95-EA9D-48D8-B99B-E03DF7819AD3}"
EndProject
Project("{FAE04EC0-301F-11D3-BF4B-00C04F79EFBC}") = "Year2024", "Year2024\Year2024.csproj", "{A4779B99-5021-4097-9D18-779F9EFB54F6}"
EndProject
Project("{FAE04EC0-301F-11D3-BF4B-00C04F79EFBC}") = "Year2022", "Year2022\Year2022.csproj", "{E162D20E-562B-42F9-8B3C-E24A1E84E777}"
EndProject
Project("{FAE04EC0-301F-11D3-BF4B-00C04F79EFBC}") = "Helpers", "Helpers\Helpers.csproj", "{F7FEAB9F-F177-47E4-8481-9F342D1FE5F7}"
EndProject
Project("{FAE04EC0-301F-11D3-BF4B-00C04F79EFBC}") = "CodeGen", "Tests\CodeGen.csproj", "{1564210E-116C-4B84-A80C-D456AB683821}"
EndProject
Project("{FAE04EC0-301F-11D3-BF4B-00C04F79EFBC}") = "Year2021", "Year2021\Year2021.csproj", "{9D1E14AE-BF9C-4E97-B11C-03E83278AFEE}"
EndProject
Project("{FAE04EC0-301F-11D3-BF4B-00C04F79EFBC}") = "Year2019", "Year2019\Year2019.csproj", "{1B23BF30-F6B5-40EB-BCE5-24D67FA2EC45}"
EndProject
Project("{FAE04EC0-301F-11D3-BF4B-00C04F79EFBC}") = "Year2024Tests", "Year2024Tests\Year2024Tests.csproj", "{26617159-91A7-4662-A017-6AA2D6E07B2E}"
EndProject
Project("{FAE04EC0-301F-11D3-BF4B-00C04F79EFBC}") = "Year2025", "Year2025\Year2025.csproj", "{80C43024-F808-4B2B-8844-1C40DD082706}"
EndProject
Project("{FAE04EC0-301F-11D3-BF4B-00C04F79EFBC}") = "Year2025Tests", "Year2025Tests\Year2025Tests.csproj", "{BF587D30-4FBB-4F26-8DF0-E533E14C4D2A}"
EndProject
Project("{FAE04EC0-301F-11D3-BF4B-00C04F79EFBC}") = "Year2023Tests", "Year2023Tests\Year2023Tests.csproj", "{32935784-5C6A-430A-9C2F-EFB3D8FF0EE8}"
EndProject
Project("{2150E333-8FDC-42A3-9474-1A3956D46DE8}") = "SolutionItems", "SolutionItems", "{02EA681E-C7D8-13C7-8484-4AC65E1B71E8}"
	ProjectSection(SolutionItems) = preProject
		README.md = README.md
	EndProjectSection
EndProject
Global
	GlobalSection(SolutionConfigurationPlatforms) = preSolution
		Debug|Any CPU = Debug|Any CPU
		Release|Any CPU = Release|Any CPU
	EndGlobalSection
	GlobalSection(ProjectConfigurationPlatforms) = postSolution
		{8AC29A95-EA9D-48D8-B99B-E03DF7819AD3}.Debug|Any CPU.ActiveCfg = Debug|Any CPU
		{8AC29A95-EA9D-48D8-B99B-E03DF7819AD3}.Debug|Any CPU.Build.0 = Debug|Any CPU
		{8AC29A95-EA9D-48D8-B99B-E03DF7819AD3}.Release|Any CPU.ActiveCfg = Release|Any CPU
		{8AC29A95-EA9D-48D8-B99B-E03DF7819AD3}.Release|Any CPU.Build.0 = Release|Any CPU
		{A4779B99-5021-4097-9D18-779F9EFB54F6}.Debug|Any CPU.ActiveCfg = Debug|Any CPU
		{A4779B99-5021-4097-9D18-779F9EFB54F6}.Debug|Any CPU.Build.0 = Debug|Any CPU
		{A4779B99-5021-4097-9D18-779F9EFB54F6}.Release|Any CPU.ActiveCfg = Release|Any CPU
		{A4779B99-5021-4097-9D18-779F9EFB54F6}.Release|Any CPU.Build.0 = Release|Any CPU
		{E162D20E-562B-42F9-8B3C-E24A1E84E777}.Debug|Any CPU.ActiveCfg = Debug|Any CPU
		{E162D20E-562B-42F9-8B3C-E24A1E84E777}.Debug|Any CPU.Build.0 = Debug|Any CPU
		{E162D20E-562B-42F9-8B3C-E24A1E84E777}.Release|Any CPU.ActiveCfg = Release|Any CPU
		{E162D20E-562B-42F9-8B3C-E24A1E84E777}.Release|Any CPU.Build.0 = Release|Any CPU
		{F7FEAB9F-F177-47E4-8481-9F342D1FE5F7}.Debug|Any CPU.ActiveCfg = Debug|Any CPU
		{F7FEAB9F-F177-47E4-8481-9F342D1FE5F7}.Debug|Any CPU.Build.0 = Debug|Any CPU
		{F7FEAB9F-F177-47E4-8481-9F342D1FE5F7}.Release|Any CPU.ActiveCfg = Release|Any CPU
		{F7FEAB9F-F177-47E4-8481-9F342D1FE5F7}.Release|Any CPU.Build.0 = Release|Any CPU
		{1564210E-116C-4B84-A80C-D456AB683821}.Debug|Any CPU.ActiveCfg = Debug|Any CPU
		{1564210E-116C-4B84-A80C-D456AB683821}.Debug|Any CPU.Build.0 = Debug|Any CPU
		{1564210E-116C-4B84-A80C-D456AB683821}.Release|Any CPU.ActiveCfg = Release|Any CPU
		{1564210E-116C-4B84-A80C-D456AB683821}.Release|Any CPU.Build.0 = Release|Any CPU
		{9D1E14AE-BF9C-4E97-B11C-03E83278AFEE}.Debug|Any CPU.ActiveCfg = Debug|Any CPU
		{9D1E14AE-BF9C-4E97-B11C-03E83278AFEE}.Debug|Any CPU.Build.0 = Debug|Any CPU
		{9D1E14AE-BF9C-4E97-B11C-03E83278AFEE}.Release|Any CPU.ActiveCfg = Release|Any CPU
		{9D1E14AE-BF9C-4E97-B11C-03E83278AFEE}.Release|Any CPU.Build.0 = Release|Any CPU
		{1B23BF30-F6B5-40EB-BCE5-24D67FA2EC45}.Debug|Any CPU.ActiveCfg = Debug|Any CPU
		{1B23BF30-F6B5-40EB-BCE5-24D67FA2EC45}.Debug|Any CPU.Build.0 = Debug|Any CPU
		{1B23BF30-F6B5-40EB-BCE5-24D67FA2EC45}.Release|Any CPU.ActiveCfg = Release|Any CPU
		{1B23BF30-F6B5-40EB-BCE5-24D67FA2EC45}.Release|Any CPU.Build.0 = Release|Any CPU
		{26617159-91A7-4662-A017-6AA2D6E07B2E}.Debug|Any CPU.ActiveCfg = Debug|Any CPU
		{26617159-91A7-4662-A017-6AA2D6E07B2E}.Debug|Any CPU.Build.0 = Debug|Any CPU
		{26617159-91A7-4662-A017-6AA2D6E07B2E}.Release|Any CPU.ActiveCfg = Release|Any CPU
		{26617159-91A7-4662-A017-6AA2D6E07B2E}.Release|Any CPU.Build.0 = Release|Any CPU
		{80C43024-F808-4B2B-8844-1C40DD082706}.Debug|Any CPU.ActiveCfg = Debug|Any CPU
		{80C43024-F808-4B2B-8844-1C40DD082706}.Debug|Any CPU.Build.0 = Debug|Any CPU
		{80C43024-F808-4B2B-8844-1C40DD082706}.Release|Any CPU.ActiveCfg = Release|Any CPU
		{80C43024-F808-4B2B-8844-1C40DD082706}.Release|Any CPU.Build.0 = Release|Any CPU
		{BF587D30-4FBB-4F26-8DF0-E533E14C4D2A}.Debug|Any CPU.ActiveCfg = Debug|Any CPU
		{BF587D30-4FBB-4F26-8DF0-E533E14C4D2A}.Debug|Any CPU.Build.0 = Debug|Any CPU
		{BF587D30-4FBB-4F26-8DF0-E533E14C4D2A}.Release|Any CPU.ActiveCfg = Release|Any CPU
		{BF587D30-4FBB-4F26-8DF0-E533E14C4D2A}.Release|Any CPU.Build.0 = Release|Any CPU
		{32935784-5C6A-430A-9C2F-EFB3D8FF0EE8}.Debug|Any CPU.ActiveCfg = Debug|Any CPU
		{32935784-5C6A-430A-9C2F-EFB3D8FF0EE8}.Debug|Any CPU.Build.0 = Debug|Any CPU
		{32935784-5C6A-430A-9C2F-EFB3D8FF0EE8}.Release|Any CPU.ActiveCfg = Release|Any CPU
		{32935784-5C6A-430A-9C2F-EFB3D8FF0EE8}.Release|Any CPU.Build.0 = Release|Any CPU
	EndGlobalSection
	GlobalSection(SolutionProperties) = preSolution
		HideSolutionNode = FALSE
	EndGlobalSection
	GlobalSection(ExtensibilityGlobals) = postSolution
		SolutionGuid = {29464C45-FDB7-4D49-BD9B-774E53B28C7E}
	EndGlobalSection
EndGlobal
